{
	"name": "cli",
	"version": "1.0.0",
	"lockfileVersion": 2,
	"requires": true,
	"packages": {
		"": {
			"name": "cli",
			"version": "1.0.0",
			"license": "ISC",
			"dependencies": {
				"commander": "^9.4.0"
			},
			"devDependencies": {
				"typescript": "^4.8.3"
			}
		},
		"node_modules/commander": {
			"version": "9.4.0",
			"resolved": "https://registry.npmjs.org/commander/-/commander-9.4.0.tgz",
			"integrity": "sha512-sRPT+umqkz90UA8M1yqYfnHlZA7fF6nSphDtxeywPZ49ysjxDQybzk13CL+mXekDRG92skbcqCLVovuCusNmFw==",
			"engines": {
				"node": "^12.20.0 || >=14"
			}
		},
		"node_modules/typescript": {
			"version": "4.8.3",
			"resolved": "https://registry.npmjs.org/typescript/-/typescript-4.8.3.tgz",
			"integrity": "sha512-goMHfm00nWPa8UvR/CPSvykqf6dVV8x/dp0c5mFTMTIu0u0FlGWRioyy7Nn0PGAdHxpJZnuO/ut+PpQ8UiHAig==",
			"dev": true,
			"bin": {
				"tsc": "bin/tsc",
				"tsserver": "bin/tsserver"
			},
			"engines": {
				"node": ">=4.2.0"
			}
		}
	},
	"dependencies": {
		"commander": {
			"version": "9.4.0",
			"resolved": "https://registry.npmjs.org/commander/-/commander-9.4.0.tgz",
			"integrity": "sha512-sRPT+umqkz90UA8M1yqYfnHlZA7fF6nSphDtxeywPZ49ysjxDQybzk13CL+mXekDRG92skbcqCLVovuCusNmFw=="
		},
		"typescript": {
			"version": "4.8.3",
			"resolved": "https://registry.npmjs.org/typescript/-/typescript-4.8.3.tgz",
			"integrity": "sha512-goMHfm00nWPa8UvR/CPSvykqf6dVV8x/dp0c5mFTMTIu0u0FlGWRioyy7Nn0PGAdHxpJZnuO/ut+PpQ8UiHAig==",
			"dev": true
		}
	}
}
